
Microsoft Visual Studio Solution File, Format Version 12.00
# Visual Studio Version 16
VisualStudioVersion = 16.0.31613.86
MinimumVisualStudioVersion = 10.0.40219.1
Project("{9A19103F-16F7-4668-BE54-9A1E7A4F7556}") = "CodeBasics.EfCoreProxies", "EfCoreProxies\CodeBasics.EfCoreProxies.csproj", "{450CC36C-D179-44C5-8776-ACFF7DBB26A0}"
EndProject
Project("{9A19103F-16F7-4668-BE54-9A1E7A4F7556}") = "CodeBasics.EfCoreProxies.Test", "EfCoreProxies.Test\CodeBasics.EfCoreProxies.Test.csproj", "{0081A3FC-C439-4E77-8D4B-5CC90D666D4E}"
EndProject
Project("{2150E333-8FDC-42A3-9474-1A3956D46DE8}") = "Solution Items", "Solution Items", "{079988AE-9FA9-4B53-B4B0-F571F53180E0}"
	ProjectSection(SolutionItems) = preProject
		.editorconfig = .editorconfig
		NuGet\CodeBasics.EfCoreProxiesAnalyzer.nuspec = NuGet\CodeBasics.EfCoreProxiesAnalyzer.nuspec
		README.md = README.md
	EndProjectSection
EndProject
Global
	GlobalSection(SolutionConfigurationPlatforms) = preSolution
		Debug|Any CPU = Debug|Any CPU
		Release|Any CPU = Release|Any CPU
	EndGlobalSection
	GlobalSection(ProjectConfigurationPlatforms) = postSolution
		{450CC36C-D179-44C5-8776-ACFF7DBB26A0}.Debug|Any CPU.ActiveCfg = Debug|Any CPU
		{450CC36C-D179-44C5-8776-ACFF7DBB26A0}.Debug|Any CPU.Build.0 = Debug|Any CPU
		{450CC36C-D179-44C5-8776-ACFF7DBB26A0}.Release|Any CPU.ActiveCfg = Release|Any CPU
		{450CC36C-D179-44C5-8776-ACFF7DBB26A0}.Release|Any CPU.Build.0 = Release|Any CPU
		{0081A3FC-C439-4E77-8D4B-5CC90D666D4E}.Debug|Any CPU.ActiveCfg = Debug|Any CPU
		{0081A3FC-C439-4E77-8D4B-5CC90D666D4E}.Debug|Any CPU.Build.0 = Debug|Any CPU
		{0081A3FC-C439-4E77-8D4B-5CC90D666D4E}.Release|Any CPU.ActiveCfg = Release|Any CPU
		{0081A3FC-C439-4E77-8D4B-5CC90D666D4E}.Release|Any CPU.Build.0 = Release|Any CPU
	EndGlobalSection
	GlobalSection(SolutionProperties) = preSolution
		HideSolutionNode = FALSE
	EndGlobalSection
	GlobalSection(ExtensibilityGlobals) = postSolution
		SolutionGuid = {DBFD9384-DB5E-4F6A-9DB5-47F12FB0D84F}
	EndGlobalSection
EndGlobal
